
Microsoft Visual Studio Solution File, Format Version 12.00
# Visual Studio Version 17
VisualStudioVersion = 17.2.32616.157
MinimumVisualStudioVersion = 10.0.40219.1
Project("{FAE04EC0-301F-11D3-BF4B-00C04F79EFBC}") = "QuanLyShop", "QuanLyShop\QuanLyShop.csproj", "{C64CBE9A-8C76-402F-B3C3-12DFAF765168}"
EndProject
Global
	GlobalSection(SolutionConfigurationPlatforms) = preSolution
		Debug|Any CPU = Debug|Any CPU
		Release|Any CPU = Release|Any CPU
	EndGlobalSection
	GlobalSection(ProjectConfigurationPlatforms) = postSolution
		{C64CBE9A-8C76-402F-B3C3-12DFAF765168}.Debug|Any CPU.ActiveCfg = Debug|Any CPU
		{C64CBE9A-8C76-402F-B3C3-12DFAF765168}.Debug|Any CPU.Build.0 = Debug|Any CPU
		{C64CBE9A-8C76-402F-B3C3-12DFAF765168}.Release|Any CPU.ActiveCfg = Release|Any CPU
		{C64CBE9A-8C76-402F-B3C3-12DFAF765168}.Release|Any CPU.Build.0 = Release|Any CPU
	EndGlobalSection
	GlobalSection(SolutionProperties) = preSolution
		HideSolutionNode = FALSE
	EndGlobalSection
	GlobalSection(ExtensibilityGlobals) = postSolution
		SolutionGuid = {80A4BC38-4756-4059-9CD4-446E454E901C}
	EndGlobalSection
EndGlobal
